
Microsoft Visual Studio Solution File, Format Version 12.00
# Visual Studio Version 16
VisualStudioVersion = 16.0.29020.237
MinimumVisualStudioVersion = 10.0.40219.1
Project("{FAE04EC0-301F-11D3-BF4B-00C04F79EFBC}") = "AdmCostoProduccion.Windows", "AdmCostoProduccion.Windows\AdmCostoProduccion.Windows.csproj", "{5EBE1B83-62C7-4DE4-AB99-4ED293335B53}"
EndProject
Project("{FAE04EC0-301F-11D3-BF4B-00C04F79EFBC}") = "AdmCostoProduccion.Common", "AdmCostoProduccion.Common\AdmCostoProduccion.Common.csproj", "{CCF30D28-CB37-477F-8948-B8E62C7C7E29}"
EndProject
Global
	GlobalSection(SolutionConfigurationPlatforms) = preSolution
		Debug|Any CPU = Debug|Any CPU
		Release|Any CPU = Release|Any CPU
	EndGlobalSection
	GlobalSection(ProjectConfigurationPlatforms) = postSolution
		{5EBE1B83-62C7-4DE4-AB99-4ED293335B53}.Debug|Any CPU.ActiveCfg = Debug|Any CPU
		{5EBE1B83-62C7-4DE4-AB99-4ED293335B53}.Debug|Any CPU.Build.0 = Debug|Any CPU
		{5EBE1B83-62C7-4DE4-AB99-4ED293335B53}.Release|Any CPU.ActiveCfg = Release|Any CPU
		{5EBE1B83-62C7-4DE4-AB99-4ED293335B53}.Release|Any CPU.Build.0 = Release|Any CPU
		{CCF30D28-CB37-477F-8948-B8E62C7C7E29}.Debug|Any CPU.ActiveCfg = Debug|Any CPU
		{CCF30D28-CB37-477F-8948-B8E62C7C7E29}.Debug|Any CPU.Build.0 = Debug|Any CPU
		{CCF30D28-CB37-477F-8948-B8E62C7C7E29}.Release|Any CPU.ActiveCfg = Release|Any CPU
		{CCF30D28-CB37-477F-8948-B8E62C7C7E29}.Release|Any CPU.Build.0 = Release|Any CPU
	EndGlobalSection
	GlobalSection(SolutionProperties) = preSolution
		HideSolutionNode = FALSE
	EndGlobalSection
	GlobalSection(ExtensibilityGlobals) = postSolution
		SolutionGuid = {C703B8EE-BB89-41CE-82CE-0B6AD70CB912}
	EndGlobalSection
EndGlobal
